// !$*UTF8*$!
{
	archiveVersion = 1;
	classes = {
	};
	objectVersion = 56;
	objects = {

/* Begin PBXBuildFile section */
		CCD88F982C792ADB001575BD /* AppDelegate.swift in Sources */ = {isa = PBXBuildFile; fileRef = CCD88F972C792ADB001575BD /* AppDelegate.swift */; };
		CCD88F9A2C792ADB001575BD /* SceneDelegate.swift in Sources */ = {isa = PBXBuildFile; fileRef = CCD88F992C792ADB001575BD /* SceneDelegate.swift */; };
		CCD88F9C2C792ADB001575BD /* ViewController.swift in Sources */ = {isa = PBXBuildFile; fileRef = CCD88F9B2C792ADB001575BD /* ViewController.swift */; };
		CCD88F9F2C792ADB001575BD /* Main.storyboard in Resources */ = {isa = PBXBuildFile; fileRef = CCD88F9D2C792ADB001575BD /* Main.storyboard */; };
		CCD88FA12C792ADC001575BD /* Assets.xcassets in Resources */ = {isa = PBXBuildFile; fileRef = CCD88FA02C792ADC001575BD /* Assets.xcassets */; };
		CCD88FA42C792ADC001575BD /* LaunchScreen.storyboard in Resources */ = {isa = PBXBuildFile; fileRef = CCD88FA22C792ADC001575BD /* LaunchScreen.storyboard */; };
		CCD88FAF2C792ADC001575BD /* OpenWeatherAppTests.swift in Sources */ = {isa = PBXBuildFile; fileRef = CCD88FAE2C792ADC001575BD /* OpenWeatherAppTests.swift */; };
		CCD88FB92C792ADC001575BD /* OpenWeatherAppUITests.swift in Sources */ = {isa = PBXBuildFile; fileRef = CCD88FB82C792ADC001575BD /* OpenWeatherAppUITests.swift */; };
		CCD88FBB2C792ADC001575BD /* OpenWeatherAppUITestsLaunchTests.swift in Sources */ = {isa = PBXBuildFile; fileRef = CCD88FBA2C792ADC001575BD /* OpenWeatherAppUITestsLaunchTests.swift */; };
		CCD88FCD2C792CD3001575BD /* SearchViewController.swift in Sources */ = {isa = PBXBuildFile; fileRef = CCD88FCC2C792CD3001575BD /* SearchViewController.swift */; };
		CCD88FCF2C792CED001575BD /* WeatherView.swift in Sources */ = {isa = PBXBuildFile; fileRef = CCD88FCE2C792CED001575BD /* WeatherView.swift */; };
		CCD88FD32C7932A8001575BD /* APIManager.swift in Sources */ = {isa = PBXBuildFile; fileRef = CCD88FD22C7932A8001575BD /* APIManager.swift */; };
		CCD88FD52C7932B4001575BD /* Endpoint.swift in Sources */ = {isa = PBXBuildFile; fileRef = CCD88FD42C7932B4001575BD /* Endpoint.swift */; };
		CCD88FD72C7932D8001575BD /* NetworkError.swift in Sources */ = {isa = PBXBuildFile; fileRef = CCD88FD62C7932D8001575BD /* NetworkError.swift */; };
		CCD88FD92C79334A001575BD /* LocationManager.swift in Sources */ = {isa = PBXBuildFile; fileRef = CCD88FD82C79334A001575BD /* LocationManager.swift */; };
		CCD88FDB2C79336B001575BD /* LocationService.swift in Sources */ = {isa = PBXBuildFile; fileRef = CCD88FDA2C79336B001575BD /* LocationService.swift */; };
		CCD88FDD2C79341A001575BD /* Weather.swift in Sources */ = {isa = PBXBuildFile; fileRef = CCD88FDC2C79341A001575BD /* Weather.swift */; };
		CCD88FDF2C79342C001575BD /* Location.swift in Sources */ = {isa = PBXBuildFile; fileRef = CCD88FDE2C79342C001575BD /* Location.swift */; };
		CCD88FE12C79345C001575BD /* Coordinate.swift in Sources */ = {isa = PBXBuildFile; fileRef = CCD88FE02C79345B001575BD /* Coordinate.swift */; };
		CCD88FE32C793472001575BD /* WeatherResponse.swift in Sources */ = {isa = PBXBuildFile; fileRef = CCD88FE22C793472001575BD /* WeatherResponse.swift */; };
		CCD88FE72C79356B001575BD /* PersistenceManager.swift in Sources */ = {isa = PBXBuildFile; fileRef = CCD88FE62C79356B001575BD /* PersistenceManager.swift */; };
		CCD88FE92C793DBE001575BD /* UserPreferences.swift in Sources */ = {isa = PBXBuildFile; fileRef = CCD88FE82C793DBE001575BD /* UserPreferences.swift */; };
		CCD88FED2C793E13001575BD /* LocationPermissionHandler.swift in Sources */ = {isa = PBXBuildFile; fileRef = CCD88FEC2C793E13001575BD /* LocationPermissionHandler.swift */; };
		CCD88FEF2C794538001575BD /* GeocodeResponse.swift in Sources */ = {isa = PBXBuildFile; fileRef = CCD88FEE2C794538001575BD /* GeocodeResponse.swift */; };
		CCD88FF12C79477F001575BD /* SearchViewModel.swift in Sources */ = {isa = PBXBuildFile; fileRef = CCD88FF02C79477F001575BD /* SearchViewModel.swift */; };
/* End PBXBuildFile section */

/* Begin PBXContainerItemProxy section */
		CCD88FAB2C792ADC001575BD /* PBXContainerItemProxy */ = {
			isa = PBXContainerItemProxy;
			containerPortal = CCD88F8C2C792ADB001575BD /* Project object */;
			proxyType = 1;
			remoteGlobalIDString = CCD88F932C792ADB001575BD;
			remoteInfo = OpenWeatherApp;
		};
		CCD88FB52C792ADC001575BD /* PBXContainerItemProxy */ = {
			isa = PBXContainerItemProxy;
			containerPortal = CCD88F8C2C792ADB001575BD /* Project object */;
			proxyType = 1;
			remoteGlobalIDString = CCD88F932C792ADB001575BD;
			remoteInfo = OpenWeatherApp;
		};
/* End PBXContainerItemProxy section */

/* Begin PBXFileReference section */
		CCD88F942C792ADB001575BD /* OpenWeatherApp.app */ = {isa = PBXFileReference; explicitFileType = wrapper.application; includeInIndex = 0; path = OpenWeatherApp.app; sourceTree = BUILT_PRODUCTS_DIR; };
		CCD88F972C792ADB001575BD /* AppDelegate.swift */ = {isa = PBXFileReference; lastKnownFileType = sourcecode.swift; path = AppDelegate.swift; sourceTree = "<group>"; };
		CCD88F992C792ADB001575BD /* SceneDelegate.swift */ = {isa = PBXFileReference; lastKnownFileType = sourcecode.swift; path = SceneDelegate.swift; sourceTree = "<group>"; };
		CCD88F9B2C792ADB001575BD /* ViewController.swift */ = {isa = PBXFileReference; lastKnownFileType = sourcecode.swift; path = ViewController.swift; sourceTree = "<group>"; };
		CCD88F9E2C792ADB001575BD /* Base */ = {isa = PBXFileReference; lastKnownFileType = file.storyboard; name = Base; path = Base.lproj/Main.storyboard; sourceTree = "<group>"; };
		CCD88FA02C792ADC001575BD /* Assets.xcassets */ = {isa = PBXFileReference; lastKnownFileType = folder.assetcatalog; path = Assets.xcassets; sourceTree = "<group>"; };
		CCD88FA32C792ADC001575BD /* Base */ = {isa = PBXFileReference; lastKnownFileType = file.storyboard; name = Base; path = Base.lproj/LaunchScreen.storyboard; sourceTree = "<group>"; };
		CCD88FA52C792ADC001575BD /* Info.plist */ = {isa = PBXFileReference; lastKnownFileType = text.plist.xml; path = Info.plist; sourceTree = "<group>"; };
		CCD88FAA2C792ADC001575BD /* OpenWeatherAppTests.xctest */ = {isa = PBXFileReference; explicitFileType = wrapper.cfbundle; includeInIndex = 0; path = OpenWeatherAppTests.xctest; sourceTree = BUILT_PRODUCTS_DIR; };
		CCD88FAE2C792ADC001575BD /* OpenWeatherAppTests.swift */ = {isa = PBXFileReference; lastKnownFileType = sourcecode.swift; path = OpenWeatherAppTests.swift; sourceTree = "<group>"; };
		CCD88FB42C792ADC001575BD /* OpenWeatherAppUITests.xctest */ = {isa = PBXFileReference; explicitFileType = wrapper.cfbundle; includeInIndex = 0; path = OpenWeatherAppUITests.xctest; sourceTree = BUILT_PRODUCTS_DIR; };
		CCD88FB82C792ADC001575BD /* OpenWeatherAppUITests.swift */ = {isa = PBXFileReference; lastKnownFileType = sourcecode.swift; path = OpenWeatherAppUITests.swift; sourceTree = "<group>"; };
		CCD88FBA2C792ADC001575BD /* OpenWeatherAppUITestsLaunchTests.swift */ = {isa = PBXFileReference; lastKnownFileType = sourcecode.swift; path = OpenWeatherAppUITestsLaunchTests.swift; sourceTree = "<group>"; };
		CCD88FCC2C792CD3001575BD /* SearchViewController.swift */ = {isa = PBXFileReference; lastKnownFileType = sourcecode.swift; path = SearchViewController.swift; sourceTree = "<group>"; };
		CCD88FCE2C792CED001575BD /* WeatherView.swift */ = {isa = PBXFileReference; lastKnownFileType = sourcecode.swift; path = WeatherView.swift; sourceTree = "<group>"; };
		CCD88FD22C7932A8001575BD /* APIManager.swift */ = {isa = PBXFileReference; lastKnownFileType = sourcecode.swift; path = APIManager.swift; sourceTree = "<group>"; };
		CCD88FD42C7932B4001575BD /* Endpoint.swift */ = {isa = PBXFileReference; lastKnownFileType = sourcecode.swift; path = Endpoint.swift; sourceTree = "<group>"; };
		CCD88FD62C7932D8001575BD /* NetworkError.swift */ = {isa = PBXFileReference; lastKnownFileType = sourcecode.swift; path = NetworkError.swift; sourceTree = "<group>"; };
		CCD88FD82C79334A001575BD /* LocationManager.swift */ = {isa = PBXFileReference; lastKnownFileType = sourcecode.swift; path = LocationManager.swift; sourceTree = "<group>"; };
		CCD88FDA2C79336B001575BD /* LocationService.swift */ = {isa = PBXFileReference; lastKnownFileType = sourcecode.swift; path = LocationService.swift; sourceTree = "<group>"; };
		CCD88FDC2C79341A001575BD /* Weather.swift */ = {isa = PBXFileReference; lastKnownFileType = sourcecode.swift; path = Weather.swift; sourceTree = "<group>"; };
		CCD88FDE2C79342C001575BD /* Location.swift */ = {isa = PBXFileReference; lastKnownFileType = sourcecode.swift; path = Location.swift; sourceTree = "<group>"; };
		CCD88FE02C79345B001575BD /* Coordinate.swift */ = {isa = PBXFileReference; lastKnownFileType = sourcecode.swift; path = Coordinate.swift; sourceTree = "<group>"; };
		CCD88FE22C793472001575BD /* WeatherResponse.swift */ = {isa = PBXFileReference; lastKnownFileType = sourcecode.swift; path = WeatherResponse.swift; sourceTree = "<group>"; };
		CCD88FE62C79356B001575BD /* PersistenceManager.swift */ = {isa = PBXFileReference; lastKnownFileType = sourcecode.swift; path = PersistenceManager.swift; sourceTree = "<group>"; };
		CCD88FE82C793DBE001575BD /* UserPreferences.swift */ = {isa = PBXFileReference; lastKnownFileType = sourcecode.swift; path = UserPreferences.swift; sourceTree = "<group>"; };
		CCD88FEC2C793E13001575BD /* LocationPermissionHandler.swift */ = {isa = PBXFileReference; lastKnownFileType = sourcecode.swift; path = LocationPermissionHandler.swift; sourceTree = "<group>"; };
		CCD88FEE2C794538001575BD /* GeocodeResponse.swift */ = {isa = PBXFileReference; lastKnownFileType = sourcecode.swift; path = GeocodeResponse.swift; sourceTree = "<group>"; };
		CCD88FF02C79477F001575BD /* SearchViewModel.swift */ = {isa = PBXFileReference; lastKnownFileType = sourcecode.swift; path = SearchViewModel.swift; sourceTree = "<group>"; };
/* End PBXFileReference section */

/* Begin PBXFrameworksBuildPhase section */
		CCD88F912C792ADB001575BD /* Frameworks */ = {
			isa = PBXFrameworksBuildPhase;
			buildActionMask = 2147483647;
			files = (
			);
			runOnlyForDeploymentPostprocessing = 0;
		};
		CCD88FA72C792ADC001575BD /* Frameworks */ = {
			isa = PBXFrameworksBuildPhase;
			buildActionMask = 2147483647;
			files = (
			);
			runOnlyForDeploymentPostprocessing = 0;
		};
		CCD88FB12C792ADC001575BD /* Frameworks */ = {
			isa = PBXFrameworksBuildPhase;
			buildActionMask = 2147483647;
			files = (
			);
			runOnlyForDeploymentPostprocessing = 0;
		};
/* End PBXFrameworksBuildPhase section */

/* Begin PBXGroup section */
		CCD88F8B2C792ADB001575BD = {
			isa = PBXGroup;
			children = (
				CCD88F962C792ADB001575BD /* OpenWeatherApp */,
				CCD88FAD2C792ADC001575BD /* OpenWeatherAppTests */,
				CCD88FB72C792ADC001575BD /* OpenWeatherAppUITests */,
				CCD88F952C792ADB001575BD /* Products */,
			);
			sourceTree = "<group>";
		};
		CCD88F952C792ADB001575BD /* Products */ = {
			isa = PBXGroup;
			children = (
				CCD88F942C792ADB001575BD /* OpenWeatherApp.app */,
				CCD88FAA2C792ADC001575BD /* OpenWeatherAppTests.xctest */,
				CCD88FB42C792ADC001575BD /* OpenWeatherAppUITests.xctest */,
			);
			name = Products;
			sourceTree = "<group>";
		};
		CCD88F962C792ADB001575BD /* OpenWeatherApp */ = {
			isa = PBXGroup;
			children = (
				CCD88F972C792ADB001575BD /* AppDelegate.swift */,
				CCD88FE52C793537001575BD /* Permission */,
				CCD88FE42C793520001575BD /* Persistence */,
				CCD88FD12C793272001575BD /* LocationService */,
				CCD88FD02C79325E001575BD /* NetworkService */,
				CCD88FC92C792C8C001575BD /* Models */,
				CCD88FC82C792C7A001575BD /* ViewModels */,
				CCD88FC72C792C66001575BD /* Views */,
				CCD88F992C792ADB001575BD /* SceneDelegate.swift */,
				CCD88F9B2C792ADB001575BD /* ViewController.swift */,
				CCD88F9D2C792ADB001575BD /* Main.storyboard */,
				CCD88FA02C792ADC001575BD /* Assets.xcassets */,
				CCD88FA22C792ADC001575BD /* LaunchScreen.storyboard */,
				CCD88FA52C792ADC001575BD /* Info.plist */,
			);
			path = OpenWeatherApp;
			sourceTree = "<group>";
		};
		CCD88FAD2C792ADC001575BD /* OpenWeatherAppTests */ = {
			isa = PBXGroup;
			children = (
				CCD88FAE2C792ADC001575BD /* OpenWeatherAppTests.swift */,
			);
			path = OpenWeatherAppTests;
			sourceTree = "<group>";
		};
		CCD88FB72C792ADC001575BD /* OpenWeatherAppUITests */ = {
			isa = PBXGroup;
			children = (
				CCD88FB82C792ADC001575BD /* OpenWeatherAppUITests.swift */,
				CCD88FBA2C792ADC001575BD /* OpenWeatherAppUITestsLaunchTests.swift */,
			);
			path = OpenWeatherAppUITests;
			sourceTree = "<group>";
		};
		CCD88FC72C792C66001575BD /* Views */ = {
			isa = PBXGroup;
			children = (
				CCD88FCC2C792CD3001575BD /* SearchViewController.swift */,
				CCD88FCE2C792CED001575BD /* WeatherView.swift */,
			);
			path = Views;
			sourceTree = "<group>";
		};
		CCD88FC82C792C7A001575BD /* ViewModels */ = {
			isa = PBXGroup;
			children = (
				CCD88FF02C79477F001575BD /* SearchViewModel.swift */,
			);
			path = ViewModels;
			sourceTree = "<group>";
		};
		CCD88FC92C792C8C001575BD /* Models */ = {
			isa = PBXGroup;
			children = (
				CCD88FDC2C79341A001575BD /* Weather.swift */,
				CCD88FDE2C79342C001575BD /* Location.swift */,
				CCD88FE02C79345B001575BD /* Coordinate.swift */,
				CCD88FE22C793472001575BD /* WeatherResponse.swift */,
				CCD88FEE2C794538001575BD /* GeocodeResponse.swift */,
			);
			path = Models;
			sourceTree = "<group>";
		};
		CCD88FD02C79325E001575BD /* NetworkService */ = {
			isa = PBXGroup;
			children = (
				CCD88FD22C7932A8001575BD /* APIManager.swift */,
				CCD88FD42C7932B4001575BD /* Endpoint.swift */,
				CCD88FD62C7932D8001575BD /* NetworkError.swift */,
			);
			path = NetworkService;
			sourceTree = "<group>";
		};
		CCD88FD12C793272001575BD /* LocationService */ = {
			isa = PBXGroup;
			children = (
				CCD88FD82C79334A001575BD /* LocationManager.swift */,
				CCD88FDA2C79336B001575BD /* LocationService.swift */,
			);
			path = LocationService;
			sourceTree = "<group>";
		};
		CCD88FE42C793520001575BD /* Persistence */ = {
			isa = PBXGroup;
			children = (
				CCD88FE62C79356B001575BD /* PersistenceManager.swift */,
				CCD88FE82C793DBE001575BD /* UserPreferences.swift */,
			);
			path = Persistence;
			sourceTree = "<group>";
		};
		CCD88FE52C793537001575BD /* Permission */ = {
			isa = PBXGroup;
			children = (
				CCD88FEC2C793E13001575BD /* LocationPermissionHandler.swift */,
			);
			path = Permission;
			sourceTree = "<group>";
		};
/* End PBXGroup section */

/* Begin PBXNativeTarget section */
		CCD88F932C792ADB001575BD /* OpenWeatherApp */ = {
			isa = PBXNativeTarget;
			buildConfigurationList = CCD88FBE2C792ADC001575BD /* Build configuration list for PBXNativeTarget "OpenWeatherApp" */;
			buildPhases = (
				CCD88F902C792ADB001575BD /* Sources */,
				CCD88F912C792ADB001575BD /* Frameworks */,
				CCD88F922C792ADB001575BD /* Resources */,
			);
			buildRules = (
			);
			dependencies = (
			);
			name = OpenWeatherApp;
			productName = OpenWeatherApp;
			productReference = CCD88F942C792ADB001575BD /* OpenWeatherApp.app */;
			productType = "com.apple.product-type.application";
		};
		CCD88FA92C792ADC001575BD /* OpenWeatherAppTests */ = {
			isa = PBXNativeTarget;
			buildConfigurationList = CCD88FC12C792ADC001575BD /* Build configuration list for PBXNativeTarget "OpenWeatherAppTests" */;
			buildPhases = (
				CCD88FA62C792ADC001575BD /* Sources */,
				CCD88FA72C792ADC001575BD /* Frameworks */,
				CCD88FA82C792ADC001575BD /* Resources */,
			);
			buildRules = (
			);
			dependencies = (
				CCD88FAC2C792ADC001575BD /* PBXTargetDependency */,
			);
			name = OpenWeatherAppTests;
			productName = OpenWeatherAppTests;
			productReference = CCD88FAA2C792ADC001575BD /* OpenWeatherAppTests.xctest */;
			productType = "com.apple.product-type.bundle.unit-test";
		};
		CCD88FB32C792ADC001575BD /* OpenWeatherAppUITests */ = {
			isa = PBXNativeTarget;
			buildConfigurationList = CCD88FC42C792ADC001575BD /* Build configuration list for PBXNativeTarget "OpenWeatherAppUITests" */;
			buildPhases = (
				CCD88FB02C792ADC001575BD /* Sources */,
				CCD88FB12C792ADC001575BD /* Frameworks */,
				CCD88FB22C792ADC001575BD /* Resources */,
			);
			buildRules = (
			);
			dependencies = (
				CCD88FB62C792ADC001575BD /* PBXTargetDependency */,
			);
			name = OpenWeatherAppUITests;
			productName = OpenWeatherAppUITests;
			productReference = CCD88FB42C792ADC001575BD /* OpenWeatherAppUITests.xctest */;
			productType = "com.apple.product-type.bundle.ui-testing";
		};
/* End PBXNativeTarget section */

/* Begin PBXProject section */
		CCD88F8C2C792ADB001575BD /* Project object */ = {
			isa = PBXProject;
			attributes = {
				BuildIndependentTargetsInParallel = 1;
				LastSwiftUpdateCheck = 1520;
				LastUpgradeCheck = 1520;
				TargetAttributes = {
					CCD88F932C792ADB001575BD = {
						CreatedOnToolsVersion = 15.2;
					};
					CCD88FA92C792ADC001575BD = {
						CreatedOnToolsVersion = 15.2;
						TestTargetID = CCD88F932C792ADB001575BD;
					};
					CCD88FB32C792ADC001575BD = {
						CreatedOnToolsVersion = 15.2;
						TestTargetID = CCD88F932C792ADB001575BD;
					};
				};
			};
			buildConfigurationList = CCD88F8F2C792ADB001575BD /* Build configuration list for PBXProject "OpenWeatherApp" */;
			compatibilityVersion = "Xcode 14.0";
			developmentRegion = en;
			hasScannedForEncodings = 0;
			knownRegions = (
				en,
				Base,
			);
			mainGroup = CCD88F8B2C792ADB001575BD;
			productRefGroup = CCD88F952C792ADB001575BD /* Products */;
			projectDirPath = "";
			projectRoot = "";
			targets = (
				CCD88F932C792ADB001575BD /* OpenWeatherApp */,
				CCD88FA92C792ADC001575BD /* OpenWeatherAppTests */,
				CCD88FB32C792ADC001575BD /* OpenWeatherAppUITests */,
			);
		};
/* End PBXProject section */

/* Begin PBXResourcesBuildPhase section */
		CCD88F922C792ADB001575BD /* Resources */ = {
			isa = PBXResourcesBuildPhase;
			buildActionMask = 2147483647;
			files = (
				CCD88FA42C792ADC001575BD /* LaunchScreen.storyboard in Resources */,
				CCD88FA12C792ADC001575BD /* Assets.xcassets in Resources */,
				CCD88F9F2C792ADB001575BD /* Main.storyboard in Resources */,
			);
			runOnlyForDeploymentPostprocessing = 0;
		};
		CCD88FA82C792ADC001575BD /* Resources */ = {
			isa = PBXResourcesBuildPhase;
			buildActionMask = 2147483647;
			files = (
			);
			runOnlyForDeploymentPostprocessing = 0;
		};
		CCD88FB22C792ADC001575BD /* Resources */ = {
			isa = PBXResourcesBuildPhase;
			buildActionMask = 2147483647;
			files = (
			);
			runOnlyForDeploymentPostprocessing = 0;
		};
/* End PBXResourcesBuildPhase section */

/* Begin PBXSourcesBuildPhase section */
		CCD88F902C792ADB001575BD /* Sources */ = {
			isa = PBXSourcesBuildPhase;
			buildActionMask = 2147483647;
			files = (
				CCD88FD52C7932B4001575BD /* Endpoint.swift in Sources */,
				CCD88FE92C793DBE001575BD /* UserPreferences.swift in Sources */,
				CCD88FEF2C794538001575BD /* GeocodeResponse.swift in Sources */,
				CCD88FD72C7932D8001575BD /* NetworkError.swift in Sources */,
				CCD88FDB2C79336B001575BD /* LocationService.swift in Sources */,
				CCD88FF12C79477F001575BD /* SearchViewModel.swift in Sources */,
				CCD88FE32C793472001575BD /* WeatherResponse.swift in Sources */,
				CCD88FED2C793E13001575BD /* LocationPermissionHandler.swift in Sources */,
				CCD88FDD2C79341A001575BD /* Weather.swift in Sources */,
				CCD88FD32C7932A8001575BD /* APIManager.swift in Sources */,
				CCD88FE72C79356B001575BD /* PersistenceManager.swift in Sources */,
				CCD88FCD2C792CD3001575BD /* SearchViewController.swift in Sources */,
				CCD88F9C2C792ADB001575BD /* ViewController.swift in Sources */,
				CCD88FCF2C792CED001575BD /* WeatherView.swift in Sources */,
				CCD88F982C792ADB001575BD /* AppDelegate.swift in Sources */,
				CCD88FE12C79345C001575BD /* Coordinate.swift in Sources */,
				CCD88F9A2C792ADB001575BD /* SceneDelegate.swift in Sources */,
				CCD88FDF2C79342C001575BD /* Location.swift in Sources */,
				CCD88FD92C79334A001575BD /* LocationManager.swift in Sources */,
			);
			runOnlyForDeploymentPostprocessing = 0;
		};
		CCD88FA62C792ADC001575BD /* Sources */ = {
			isa = PBXSourcesBuildPhase;
			buildActionMask = 2147483647;
			files = (
				CCD88FAF2C792ADC001575BD /* OpenWeatherAppTests.swift in Sources */,
			);
			runOnlyForDeploymentPostprocessing = 0;
		};
		CCD88FB02C792ADC001575BD /* Sources */ = {
			isa = PBXSourcesBuildPhase;
			buildActionMask = 2147483647;
			files = (
				CCD88FB92C792ADC001575BD /* OpenWeatherAppUITests.swift in Sources */,
				CCD88FBB2C792ADC001575BD /* OpenWeatherAppUITestsLaunchTests.swift in Sources */,
			);
			runOnlyForDeploymentPostprocessing = 0;
		};
/* End PBXSourcesBuildPhase section */

/* Begin PBXTargetDependency section */
		CCD88FAC2C792ADC001575BD /* PBXTargetDependency */ = {
			isa = PBXTargetDependency;
			target = CCD88F932C792ADB001575BD /* OpenWeatherApp */;
			targetProxy = CCD88FAB2C792ADC001575BD /* PBXContainerItemProxy */;
		};
		CCD88FB62C792ADC001575BD /* PBXTargetDependency */ = {
			isa = PBXTargetDependency;
			target = CCD88F932C792ADB001575BD /* OpenWeatherApp */;
			targetProxy = CCD88FB52C792ADC001575BD /* PBXContainerItemProxy */;
		};
/* End PBXTargetDependency section */

/* Begin PBXVariantGroup section */
		CCD88F9D2C792ADB001575BD /* Main.storyboard */ = {
			isa = PBXVariantGroup;
			children = (
				CCD88F9E2C792ADB001575BD /* Base */,
			);
			name = Main.storyboard;
			sourceTree = "<group>";
		};
		CCD88FA22C792ADC001575BD /* LaunchScreen.storyboard */ = {
			isa = PBXVariantGroup;
			children = (
				CCD88FA32C792ADC001575BD /* Base */,
			);
			name = LaunchScreen.storyboard;
			sourceTree = "<group>";
		};
/* End PBXVariantGroup section */

/* Begin XCBuildConfiguration section */
		CCD88FBC2C792ADC001575BD /* Debug */ = {
			isa = XCBuildConfiguration;
			buildSettings = {
				ALWAYS_SEARCH_USER_PATHS = NO;
				ASSETCATALOG_COMPILER_GENERATE_SWIFT_ASSET_SYMBOL_EXTENSIONS = YES;
				CLANG_ANALYZER_NONNULL = YES;
				CLANG_ANALYZER_NUMBER_OBJECT_CONVERSION = YES_AGGRESSIVE;
				CLANG_CXX_LANGUAGE_STANDARD = "gnu++20";
				CLANG_ENABLE_MODULES = YES;
				CLANG_ENABLE_OBJC_ARC = YES;
				CLANG_ENABLE_OBJC_WEAK = YES;
				CLANG_WARN_BLOCK_CAPTURE_AUTORELEASING = YES;
				CLANG_WARN_BOOL_CONVERSION = YES;
				CLANG_WARN_COMMA = YES;
				CLANG_WARN_CONSTANT_CONVERSION = YES;
				CLANG_WARN_DEPRECATED_OBJC_IMPLEMENTATIONS = YES;
				CLANG_WARN_DIRECT_OBJC_ISA_USAGE = YES_ERROR;
				CLANG_WARN_DOCUMENTATION_COMMENTS = YES;
				CLANG_WARN_EMPTY_BODY = YES;
				CLANG_WARN_ENUM_CONVERSION = YES;
				CLANG_WARN_INFINITE_RECURSION = YES;
				CLANG_WARN_INT_CONVERSION = YES;
				CLANG_WARN_NON_LITERAL_NULL_CONVERSION = YES;
				CLANG_WARN_OBJC_IMPLICIT_RETAIN_SELF = YES;
				CLANG_WARN_OBJC_LITERAL_CONVERSION = YES;
				CLANG_WARN_OBJC_ROOT_CLASS = YES_ERROR;
				CLANG_WARN_QUOTED_INCLUDE_IN_FRAMEWORK_HEADER = YES;
				CLANG_WARN_RANGE_LOOP_ANALYSIS = YES;
				CLANG_WARN_STRICT_PROTOTYPES = YES;
				CLANG_WARN_SUSPICIOUS_MOVE = YES;
				CLANG_WARN_UNGUARDED_AVAILABILITY = YES_AGGRESSIVE;
				CLANG_WARN_UNREACHABLE_CODE = YES;
				CLANG_WARN__DUPLICATE_METHOD_MATCH = YES;
				COPY_PHASE_STRIP = NO;
				DEBUG_INFORMATION_FORMAT = dwarf;
				ENABLE_STRICT_OBJC_MSGSEND = YES;
				ENABLE_TESTABILITY = YES;
				ENABLE_USER_SCRIPT_SANDBOXING = YES;
				GCC_C_LANGUAGE_STANDARD = gnu17;
				GCC_DYNAMIC_NO_PIC = NO;
				GCC_NO_COMMON_BLOCKS = YES;
				GCC_OPTIMIZATION_LEVEL = 0;
				GCC_PREPROCESSOR_DEFINITIONS = (
					"DEBUG=1",
					"$(inherited)",
				);
				GCC_WARN_64_TO_32_BIT_CONVERSION = YES;
				GCC_WARN_ABOUT_RETURN_TYPE = YES_ERROR;
				GCC_WARN_UNDECLARED_SELECTOR = YES;
				GCC_WARN_UNINITIALIZED_AUTOS = YES_AGGRESSIVE;
				GCC_WARN_UNUSED_FUNCTION = YES;
				GCC_WARN_UNUSED_VARIABLE = YES;
				IPHONEOS_DEPLOYMENT_TARGET = 17.2;
				LOCALIZATION_PREFERS_STRING_CATALOGS = YES;
				MTL_ENABLE_DEBUG_INFO = INCLUDE_SOURCE;
				MTL_FAST_MATH = YES;
				ONLY_ACTIVE_ARCH = YES;
				SDKROOT = iphoneos;
				SWIFT_ACTIVE_COMPILATION_CONDITIONS = "DEBUG $(inherited)";
				SWIFT_OPTIMIZATION_LEVEL = "-Onone";
			};
			name = Debug;
		};
		CCD88FBD2C792ADC001575BD /* Release */ = {
			isa = XCBuildConfiguration;
			buildSettings = {
				ALWAYS_SEARCH_USER_PATHS = NO;
				ASSETCATALOG_COMPILER_GENERATE_SWIFT_ASSET_SYMBOL_EXTENSIONS = YES;
				CLANG_ANALYZER_NONNULL = YES;
				CLANG_ANALYZER_NUMBER_OBJECT_CONVERSION = YES_AGGRESSIVE;
				CLANG_CXX_LANGUAGE_STANDARD = "gnu++20";
				CLANG_ENABLE_MODULES = YES;
				CLANG_ENABLE_OBJC_ARC = YES;
				CLANG_ENABLE_OBJC_WEAK = YES;
				CLANG_WARN_BLOCK_CAPTURE_AUTORELEASING = YES;
				CLANG_WARN_BOOL_CONVERSION = YES;
				CLANG_WARN_COMMA = YES;
				CLANG_WARN_CONSTANT_CONVERSION = YES;
				CLANG_WARN_DEPRECATED_OBJC_IMPLEMENTATIONS = YES;
				CLANG_WARN_DIRECT_OBJC_ISA_USAGE = YES_ERROR;
				CLANG_WARN_DOCUMENTATION_COMMENTS = YES;
				CLANG_WARN_EMPTY_BODY = YES;
				CLANG_WARN_ENUM_CONVERSION = YES;
				CLANG_WARN_INFINITE_RECURSION = YES;
				CLANG_WARN_INT_CONVERSION = YES;
				CLANG_WARN_NON_LITERAL_NULL_CONVERSION = YES;
				CLANG_WARN_OBJC_IMPLICIT_RETAIN_SELF = YES;
				CLANG_WARN_OBJC_LITERAL_CONVERSION = YES;
				CLANG_WARN_OBJC_ROOT_CLASS = YES_ERROR;
				CLANG_WARN_QUOTED_INCLUDE_IN_FRAMEWORK_HEADER = YES;
				CLANG_WARN_RANGE_LOOP_ANALYSIS = YES;
				CLANG_WARN_STRICT_PROTOTYPES = YES;
				CLANG_WARN_SUSPICIOUS_MOVE = YES;
				CLANG_WARN_UNGUARDED_AVAILABILITY = YES_AGGRESSIVE;
				CLANG_WARN_UNREACHABLE_CODE = YES;
				CLANG_WARN__DUPLICATE_METHOD_MATCH = YES;
				COPY_PHASE_STRIP = NO;
				DEBUG_INFORMATION_FORMAT = "dwarf-with-dsym";
				ENABLE_NS_ASSERTIONS = NO;
				ENABLE_STRICT_OBJC_MSGSEND = YES;
				ENABLE_USER_SCRIPT_SANDBOXING = YES;
				GCC_C_LANGUAGE_STANDARD = gnu17;
				GCC_NO_COMMON_BLOCKS = YES;
				GCC_WARN_64_TO_32_BIT_CONVERSION = YES;
				GCC_WARN_ABOUT_RETURN_TYPE = YES_ERROR;
				GCC_WARN_UNDECLARED_SELECTOR = YES;
				GCC_WARN_UNINITIALIZED_AUTOS = YES_AGGRESSIVE;
				GCC_WARN_UNUSED_FUNCTION = YES;
				GCC_WARN_UNUSED_VARIABLE = YES;
				IPHONEOS_DEPLOYMENT_TARGET = 17.2;
				LOCALIZATION_PREFERS_STRING_CATALOGS = YES;
				MTL_ENABLE_DEBUG_INFO = NO;
				MTL_FAST_MATH = YES;
				SDKROOT = iphoneos;
				SWIFT_COMPILATION_MODE = wholemodule;
				VALIDATE_PRODUCT = YES;
			};
			name = Release;
		};
		CCD88FBF2C792ADC001575BD /* Debug */ = {
			isa = XCBuildConfiguration;
			buildSettings = {
				ASSETCATALOG_COMPILER_APPICON_NAME = AppIcon;
				ASSETCATALOG_COMPILER_GLOBAL_ACCENT_COLOR_NAME = AccentColor;
				CODE_SIGN_STYLE = Automatic;
				CURRENT_PROJECT_VERSION = 1;
				DEVELOPMENT_TEAM = 27AF2HSKK7;
				GENERATE_INFOPLIST_FILE = YES;
				INFOPLIST_FILE = OpenWeatherApp/Info.plist;
				INFOPLIST_KEY_UIApplicationSupportsIndirectInputEvents = YES;
				INFOPLIST_KEY_UILaunchStoryboardName = LaunchScreen;
				INFOPLIST_KEY_UIMainStoryboardFile = Main;
				INFOPLIST_KEY_UISupportedInterfaceOrientations_iPad = "UIInterfaceOrientationPortrait UIInterfaceOrientationPortraitUpsideDown UIInterfaceOrientationLandscapeLeft UIInterfaceOrientationLandscapeRight";
				INFOPLIST_KEY_UISupportedInterfaceOrientations_iPhone = "UIInterfaceOrientationPortrait UIInterfaceOrientationLandscapeLeft UIInterfaceOrientationLandscapeRight";
				LD_RUNPATH_SEARCH_PATHS = (
					"$(inherited)",
					"@executable_path/Frameworks",
				);
				MARKETING_VERSION = 1.0;
				PRODUCT_BUNDLE_IDENTIFIER = AugustAtSeattle.OpenWeatherApp;
				PRODUCT_NAME = "$(TARGET_NAME)";
				SWIFT_EMIT_LOC_STRINGS = YES;
				SWIFT_VERSION = 5.0;
				TARGETED_DEVICE_FAMILY = "1,2";
			};
			name = Debug;
		};
		CCD88FC02C792ADC001575BD /* Release */ = {
			isa = XCBuildConfiguration;
			buildSettings = {
				ASSETCATALOG_COMPILER_APPICON_NAME = AppIcon;
				ASSETCATALOG_COMPILER_GLOBAL_ACCENT_COLOR_NAME = AccentColor;
				CODE_SIGN_STYLE = Automatic;
				CURRENT_PROJECT_VERSION = 1;
				DEVELOPMENT_TEAM = 27AF2HSKK7;
				GENERATE_INFOPLIST_FILE = YES;
				INFOPLIST_FILE = OpenWeatherApp/Info.plist;
				INFOPLIST_KEY_UIApplicationSupportsIndirectInputEvents = YES;
				INFOPLIST_KEY_UILaunchStoryboardName = LaunchScreen;
				INFOPLIST_KEY_UIMainStoryboardFile = Main;
				INFOPLIST_KEY_UISupportedInterfaceOrientations_iPad = "UIInterfaceOrientationPortrait UIInterfaceOrientationPortraitUpsideDown UIInterfaceOrientationLandscapeLeft UIInterfaceOrientationLandscapeRight";
				INFOPLIST_KEY_UISupportedInterfaceOrientations_iPhone = "UIInterfaceOrientationPortrait UIInterfaceOrientationLandscapeLeft UIInterfaceOrientationLandscapeRight";
				LD_RUNPATH_SEARCH_PATHS = (
					"$(inherited)",
					"@executable_path/Frameworks",
				);
				MARKETING_VERSION = 1.0;
				PRODUCT_BUNDLE_IDENTIFIER = AugustAtSeattle.OpenWeatherApp;
				PRODUCT_NAME = "$(TARGET_NAME)";
				SWIFT_EMIT_LOC_STRINGS = YES;
				SWIFT_VERSION = 5.0;
				TARGETED_DEVICE_FAMILY = "1,2";
			};
			name = Release;
		};
		CCD88FC22C792ADC001575BD /* Debug */ = {
			isa = XCBuildConfiguration;
			buildSettings = {
				ALWAYS_EMBED_SWIFT_STANDARD_LIBRARIES = YES;
				BUNDLE_LOADER = "$(TEST_HOST)";
				CODE_SIGN_STYLE = Automatic;
				CURRENT_PROJECT_VERSION = 1;
				DEVELOPMENT_TEAM = 27AF2HSKK7;
				GENERATE_INFOPLIST_FILE = YES;
				IPHONEOS_DEPLOYMENT_TARGET = 17.2;
				MARKETING_VERSION = 1.0;
				PRODUCT_BUNDLE_IDENTIFIER = AugustAtSeattle.OpenWeatherAppTests;
				PRODUCT_NAME = "$(TARGET_NAME)";
				SWIFT_EMIT_LOC_STRINGS = NO;
				SWIFT_VERSION = 5.0;
				TARGETED_DEVICE_FAMILY = "1,2";
				TEST_HOST = "$(BUILT_PRODUCTS_DIR)/OpenWeatherApp.app/$(BUNDLE_EXECUTABLE_FOLDER_PATH)/OpenWeatherApp";
			};
			name = Debug;
		};
		CCD88FC32C792ADC001575BD /* Release */ = {
			isa = XCBuildConfiguration;
			buildSettings = {
				ALWAYS_EMBED_SWIFT_STANDARD_LIBRARIES = YES;
				BUNDLE_LOADER = "$(TEST_HOST)";
				CODE_SIGN_STYLE = Automatic;
				CURRENT_PROJECT_VERSION = 1;
				DEVELOPMENT_TEAM = 27AF2HSKK7;
				GENERATE_INFOPLIST_FILE = YES;
				IPHONEOS_DEPLOYMENT_TARGET = 17.2;
				MARKETING_VERSION = 1.0;
				PRODUCT_BUNDLE_IDENTIFIER = AugustAtSeattle.OpenWeatherAppTests;
				PRODUCT_NAME = "$(TARGET_NAME)";
				SWIFT_EMIT_LOC_STRINGS = NO;
				SWIFT_VERSION = 5.0;
				TARGETED_DEVICE_FAMILY = "1,2";
				TEST_HOST = "$(BUILT_PRODUCTS_DIR)/OpenWeatherApp.app/$(BUNDLE_EXECUTABLE_FOLDER_PATH)/OpenWeatherApp";
			};
			name = Release;
		};
		CCD88FC52C792ADC001575BD /* Debug */ = {
			isa = XCBuildConfiguration;
			buildSettings = {
				ALWAYS_EMBED_SWIFT_STANDARD_LIBRARIES = YES;
				CODE_SIGN_STYLE = Automatic;
				CURRENT_PROJECT_VERSION = 1;
				DEVELOPMENT_TEAM = 27AF2HSKK7;
				GENERATE_INFOPLIST_FILE = YES;
				MARKETING_VERSION = 1.0;
				PRODUCT_BUNDLE_IDENTIFIER = AugustAtSeattle.OpenWeatherAppUITests;
				PRODUCT_NAME = "$(TARGET_NAME)";
				SWIFT_EMIT_LOC_STRINGS = NO;
				SWIFT_VERSION = 5.0;
				TARGETED_DEVICE_FAMILY = "1,2";
				TEST_TARGET_NAME = OpenWeatherApp;
			};
			name = Debug;
		};
		CCD88FC62C792ADC001575BD /* Release */ = {
			isa = XCBuildConfiguration;
			buildSettings = {
				ALWAYS_EMBED_SWIFT_STANDARD_LIBRARIES = YES;
				CODE_SIGN_STYLE = Automatic;
				CURRENT_PROJECT_VERSION = 1;
				DEVELOPMENT_TEAM = 27AF2HSKK7;
				GENERATE_INFOPLIST_FILE = YES;
				MARKETING_VERSION = 1.0;
				PRODUCT_BUNDLE_IDENTIFIER = AugustAtSeattle.OpenWeatherAppUITests;
				PRODUCT_NAME = "$(TARGET_NAME)";
				SWIFT_EMIT_LOC_STRINGS = NO;
				SWIFT_VERSION = 5.0;
				TARGETED_DEVICE_FAMILY = "1,2";
				TEST_TARGET_NAME = OpenWeatherApp;
			};
			name = Release;
		};
/* End XCBuildConfiguration section */

/* Begin XCConfigurationList section */
		CCD88F8F2C792ADB001575BD /* Build configuration list for PBXProject "OpenWeatherApp" */ = {
			isa = XCConfigurationList;
			buildConfigurations = (
				CCD88FBC2C792ADC001575BD /* Debug */,
				CCD88FBD2C792ADC001575BD /* Release */,
			);
			defaultConfigurationIsVisible = 0;
			defaultConfigurationName = Release;
		};
		CCD88FBE2C792ADC001575BD /* Build configuration list for PBXNativeTarget "OpenWeatherApp" */ = {
			isa = XCConfigurationList;
			buildConfigurations = (
				CCD88FBF2C792ADC001575BD /* Debug */,
				CCD88FC02C792ADC001575BD /* Release */,
			);
			defaultConfigurationIsVisible = 0;
			defaultConfigurationName = Release;
		};
		CCD88FC12C792ADC001575BD /* Build configuration list for PBXNativeTarget "OpenWeatherAppTests" */ = {
			isa = XCConfigurationList;
			buildConfigurations = (
				CCD88FC22C792ADC001575BD /* Debug */,
				CCD88FC32C792ADC001575BD /* Release */,
			);
			defaultConfigurationIsVisible = 0;
			defaultConfigurationName = Release;
		};
		CCD88FC42C792ADC001575BD /* Build configuration list for PBXNativeTarget "OpenWeatherAppUITests" */ = {
			isa = XCConfigurationList;
			buildConfigurations = (
				CCD88FC52C792ADC001575BD /* Debug */,
				CCD88FC62C792ADC001575BD /* Release */,
			);
			defaultConfigurationIsVisible = 0;
			defaultConfigurationName = Release;
		};
/* End XCConfigurationList section */
	};
	rootObject = CCD88F8C2C792ADB001575BD /* Project object */;
}
